
Microsoft Visual Studio Solution File, Format Version 12.00
# Visual Studio Version 16
VisualStudioVersion = 16.0.31229.75
MinimumVisualStudioVersion = 10.0.40219.1
Project("{8BC9CEB8-8B4A-11D0-8D11-00A0C91BC942}") = "LAB13_1", "LAB13_1\LAB13_1.vcxproj", "{CA1A7F7F-3490-4A22-8C8F-61487C32D433}"
EndProject
Project("{8BC9CEB8-8B4A-11D0-8D11-00A0C91BC942}") = "LAB13_2", "LAB13_2\LAB13_2.vcxproj", "{D67CFC34-DBD0-4F49-BAAE-2BE265F50713}"
EndProject
Project("{8BC9CEB8-8B4A-11D0-8D11-00A0C91BC942}") = "LAB13_3", "LAB13_3\LAB13_3.vcxproj", "{31E31B6C-2B12-4296-9AF1-40D89BDC7DE3}"
EndProject
Project("{8BC9CEB8-8B4A-11D0-8D11-00A0C91BC942}") = "LAB13_5", "LAB13_5\LAB13_5.vcxproj", "{25CFD012-9C4B-4158-88F5-402204317F22}"
EndProject
Project("{8BC9CEB8-8B4A-11D0-8D11-00A0C91BC942}") = "재제출 HW9_다", "재제출 HW9_다\재제출 HW9_다.vcxproj", "{F6DC83A5-C8F0-472F-8BF3-C7090F19696A}"
EndProject
Project("{8BC9CEB8-8B4A-11D0-8D11-00A0C91BC942}") = "LAB13B_0", "LAB13B_0\LAB13B_0.vcxproj", "{257AE296-9142-4EBD-9A53-70DDB3EB1A74}"
EndProject
Project("{8BC9CEB8-8B4A-11D0-8D11-00A0C91BC942}") = "LAB13B_a", "LAB13B_a\LAB13B_a.vcxproj", "{3988FBC1-C1E5-4A60-8EB0-9AF4902D162C}"
EndProject
Project("{8BC9CEB8-8B4A-11D0-8D11-00A0C91BC942}") = "LAB13B_1_1", "LAB13B_1_1\LAB13B_1_1.vcxproj", "{BC402C8B-98CC-4D4F-830F-F7C2B625C8B2}"
EndProject
Project("{8BC9CEB8-8B4A-11D0-8D11-00A0C91BC942}") = "서버제출 CycleNb", "서버제출 CycleNb\서버제출 CycleNb.vcxproj", "{2ADA49BD-ED9D-4299-8E78-B1FD86BDACC9}"
EndProject
Global
	GlobalSection(SolutionConfigurationPlatforms) = preSolution
		Debug|x64 = Debug|x64
		Debug|x86 = Debug|x86
		Release|x64 = Release|x64
		Release|x86 = Release|x86
	EndGlobalSection
	GlobalSection(ProjectConfigurationPlatforms) = postSolution
		{CA1A7F7F-3490-4A22-8C8F-61487C32D433}.Debug|x64.ActiveCfg = Debug|x64
		{CA1A7F7F-3490-4A22-8C8F-61487C32D433}.Debug|x64.Build.0 = Debug|x64
		{CA1A7F7F-3490-4A22-8C8F-61487C32D433}.Debug|x86.ActiveCfg = Debug|Win32
		{CA1A7F7F-3490-4A22-8C8F-61487C32D433}.Debug|x86.Build.0 = Debug|Win32
		{CA1A7F7F-3490-4A22-8C8F-61487C32D433}.Release|x64.ActiveCfg = Release|x64
		{CA1A7F7F-3490-4A22-8C8F-61487C32D433}.Release|x64.Build.0 = Release|x64
		{CA1A7F7F-3490-4A22-8C8F-61487C32D433}.Release|x86.ActiveCfg = Release|Win32
		{CA1A7F7F-3490-4A22-8C8F-61487C32D433}.Release|x86.Build.0 = Release|Win32
		{D67CFC34-DBD0-4F49-BAAE-2BE265F50713}.Debug|x64.ActiveCfg = Debug|x64
		{D67CFC34-DBD0-4F49-BAAE-2BE265F50713}.Debug|x64.Build.0 = Debug|x64
		{D67CFC34-DBD0-4F49-BAAE-2BE265F50713}.Debug|x86.ActiveCfg = Debug|Win32
		{D67CFC34-DBD0-4F49-BAAE-2BE265F50713}.Debug|x86.Build.0 = Debug|Win32
		{D67CFC34-DBD0-4F49-BAAE-2BE265F50713}.Release|x64.ActiveCfg = Release|x64
		{D67CFC34-DBD0-4F49-BAAE-2BE265F50713}.Release|x64.Build.0 = Release|x64
		{D67CFC34-DBD0-4F49-BAAE-2BE265F50713}.Release|x86.ActiveCfg = Release|Win32
		{D67CFC34-DBD0-4F49-BAAE-2BE265F50713}.Release|x86.Build.0 = Release|Win32
		{31E31B6C-2B12-4296-9AF1-40D89BDC7DE3}.Debug|x64.ActiveCfg = Debug|x64
		{31E31B6C-2B12-4296-9AF1-40D89BDC7DE3}.Debug|x64.Build.0 = Debug|x64
		{31E31B6C-2B12-4296-9AF1-40D89BDC7DE3}.Debug|x86.ActiveCfg = Debug|Win32
		{31E31B6C-2B12-4296-9AF1-40D89BDC7DE3}.Debug|x86.Build.0 = Debug|Win32
		{31E31B6C-2B12-4296-9AF1-40D89BDC7DE3}.Release|x64.ActiveCfg = Release|x64
		{31E31B6C-2B12-4296-9AF1-40D89BDC7DE3}.Release|x64.Build.0 = Release|x64
		{31E31B6C-2B12-4296-9AF1-40D89BDC7DE3}.Release|x86.ActiveCfg = Release|Win32
		{31E31B6C-2B12-4296-9AF1-40D89BDC7DE3}.Release|x86.Build.0 = Release|Win32
		{25CFD012-9C4B-4158-88F5-402204317F22}.Debug|x64.ActiveCfg = Debug|x64
		{25CFD012-9C4B-4158-88F5-402204317F22}.Debug|x64.Build.0 = Debug|x64
		{25CFD012-9C4B-4158-88F5-402204317F22}.Debug|x86.ActiveCfg = Debug|Win32
		{25CFD012-9C4B-4158-88F5-402204317F22}.Debug|x86.Build.0 = Debug|Win32
		{25CFD012-9C4B-4158-88F5-402204317F22}.Release|x64.ActiveCfg = Release|x64
		{25CFD012-9C4B-4158-88F5-402204317F22}.Release|x64.Build.0 = Release|x64
		{25CFD012-9C4B-4158-88F5-402204317F22}.Release|x86.ActiveCfg = Release|Win32
		{25CFD012-9C4B-4158-88F5-402204317F22}.Release|x86.Build.0 = Release|Win32
		{F6DC83A5-C8F0-472F-8BF3-C7090F19696A}.Debug|x64.ActiveCfg = Debug|x64
		{F6DC83A5-C8F0-472F-8BF3-C7090F19696A}.Debug|x64.Build.0 = Debug|x64
		{F6DC83A5-C8F0-472F-8BF3-C7090F19696A}.Debug|x86.ActiveCfg = Debug|Win32
		{F6DC83A5-C8F0-472F-8BF3-C7090F19696A}.Debug|x86.Build.0 = Debug|Win32
		{F6DC83A5-C8F0-472F-8BF3-C7090F19696A}.Release|x64.ActiveCfg = Release|x64
		{F6DC83A5-C8F0-472F-8BF3-C7090F19696A}.Release|x64.Build.0 = Release|x64
		{F6DC83A5-C8F0-472F-8BF3-C7090F19696A}.Release|x86.ActiveCfg = Release|Win32
		{F6DC83A5-C8F0-472F-8BF3-C7090F19696A}.Release|x86.Build.0 = Release|Win32
		{257AE296-9142-4EBD-9A53-70DDB3EB1A74}.Debug|x64.ActiveCfg = Debug|x64
		{257AE296-9142-4EBD-9A53-70DDB3EB1A74}.Debug|x64.Build.0 = Debug|x64
		{257AE296-9142-4EBD-9A53-70DDB3EB1A74}.Debug|x86.ActiveCfg = Debug|Win32
		{257AE296-9142-4EBD-9A53-70DDB3EB1A74}.Debug|x86.Build.0 = Debug|Win32
		{257AE296-9142-4EBD-9A53-70DDB3EB1A74}.Release|x64.ActiveCfg = Release|x64
		{257AE296-9142-4EBD-9A53-70DDB3EB1A74}.Release|x64.Build.0 = Release|x64
		{257AE296-9142-4EBD-9A53-70DDB3EB1A74}.Release|x86.ActiveCfg = Release|Win32
		{257AE296-9142-4EBD-9A53-70DDB3EB1A74}.Release|x86.Build.0 = Release|Win32
		{3988FBC1-C1E5-4A60-8EB0-9AF4902D162C}.Debug|x64.ActiveCfg = Debug|x64
		{3988FBC1-C1E5-4A60-8EB0-9AF4902D162C}.Debug|x64.Build.0 = Debug|x64
		{3988FBC1-C1E5-4A60-8EB0-9AF4902D162C}.Debug|x86.ActiveCfg = Debug|Win32
		{3988FBC1-C1E5-4A60-8EB0-9AF4902D162C}.Debug|x86.Build.0 = Debug|Win32
		{3988FBC1-C1E5-4A60-8EB0-9AF4902D162C}.Release|x64.ActiveCfg = Release|x64
		{3988FBC1-C1E5-4A60-8EB0-9AF4902D162C}.Release|x64.Build.0 = Release|x64
		{3988FBC1-C1E5-4A60-8EB0-9AF4902D162C}.Release|x86.ActiveCfg = Release|Win32
		{3988FBC1-C1E5-4A60-8EB0-9AF4902D162C}.Release|x86.Build.0 = Release|Win32
		{BC402C8B-98CC-4D4F-830F-F7C2B625C8B2}.Debug|x64.ActiveCfg = Debug|x64
		{BC402C8B-98CC-4D4F-830F-F7C2B625C8B2}.Debug|x64.Build.0 = Debug|x64
		{BC402C8B-98CC-4D4F-830F-F7C2B625C8B2}.Debug|x86.ActiveCfg = Debug|Win32
		{BC402C8B-98CC-4D4F-830F-F7C2B625C8B2}.Debug|x86.Build.0 = Debug|Win32
		{BC402C8B-98CC-4D4F-830F-F7C2B625C8B2}.Release|x64.ActiveCfg = Release|x64
		{BC402C8B-98CC-4D4F-830F-F7C2B625C8B2}.Release|x64.Build.0 = Release|x64
		{BC402C8B-98CC-4D4F-830F-F7C2B625C8B2}.Release|x86.ActiveCfg = Release|Win32
		{BC402C8B-98CC-4D4F-830F-F7C2B625C8B2}.Release|x86.Build.0 = Release|Win32
		{2ADA49BD-ED9D-4299-8E78-B1FD86BDACC9}.Debug|x64.ActiveCfg = Debug|x64
		{2ADA49BD-ED9D-4299-8E78-B1FD86BDACC9}.Debug|x64.Build.0 = Debug|x64
		{2ADA49BD-ED9D-4299-8E78-B1FD86BDACC9}.Debug|x86.ActiveCfg = Debug|Win32
		{2ADA49BD-ED9D-4299-8E78-B1FD86BDACC9}.Debug|x86.Build.0 = Debug|Win32
		{2ADA49BD-ED9D-4299-8E78-B1FD86BDACC9}.Release|x64.ActiveCfg = Release|x64
		{2ADA49BD-ED9D-4299-8E78-B1FD86BDACC9}.Release|x64.Build.0 = Release|x64
		{2ADA49BD-ED9D-4299-8E78-B1FD86BDACC9}.Release|x86.ActiveCfg = Release|Win32
		{2ADA49BD-ED9D-4299-8E78-B1FD86BDACC9}.Release|x86.Build.0 = Release|Win32
	EndGlobalSection
	GlobalSection(SolutionProperties) = preSolution
		HideSolutionNode = FALSE
	EndGlobalSection
	GlobalSection(ExtensibilityGlobals) = postSolution
		SolutionGuid = {9FB06F13-F7EF-4A9C-985A-ABE31CFB8FA4}
	EndGlobalSection
EndGlobal
